version = 1
revision = 3
requires-python = ">=3.9"

[[package]]
name = "rpi-gpio"
version = "0.7.1"
source = { registry = "https://pypi.org/simple" }
sdist = { url = "https://files.pythonhosted.org/packages/c4/0f/10b524a12b3445af1c607c27b2f5ed122ef55756e29942900e5c950735f2/RPi.GPIO-0.7.1.tar.gz", hash = "sha256:cd61c4b03c37b62bba4a5acfea9862749c33c618e0295e7e90aa4713fb373b70", size = 29090, upload-time = "2022-02-06T15:15:06.022Z" }
wheels = [
    { url = "https://files.pythonhosted.org/packages/40/48/e5698d5589d63907593c2909b8e4f0e7b559af19a73de003b1dabb5332c7/RPi.GPIO-0.7.1-cp310-cp310-linux_armv6l.whl", hash = "sha256:57b6c044ef5375a78c8dda27cdfadf329e76aa6943cd6cffbbbd345a9adf9ca5", size = 69820, upload-time = "2022-02-06T15:14:56.019Z" },
    { url = "https://files.pythonhosted.org/packages/b7/f4/19ac7172e60983148970abcd96a5c5d099febf538f35e9f569b3c1a70543/RPi.GPIO-0.7.1-cp39-cp39-linux_armv6l.whl", hash = "sha256:15311d3b063b71dee738cd26570effc9985a952454d162937c34e08c0fc99902", size = 69302, upload-time = "2022-02-06T15:15:01.252Z" },
]

[[package]]
name = "switchtester"
version = "0.1.0"
source = { editable = "." }
dependencies = [
    { name = "rpi-gpio" },
]

[package.metadata]
requires-dist = [{ name = "rpi-gpio", specifier = ">=0.7.1" }]
